
Microsoft Visual Studio Solution File, Format Version 12.00
# Visual Studio Version 17
VisualStudioVersion = 17.1.32210.238
MinimumVisualStudioVersion = 10.0.40219.1
Project("{8BC9CEB8-8B4A-11D0-8D11-00A0C91BC942}") = "gtl_ui_test", "src\gtl_ui_test\gtl_ui_test.vcxproj", "{5F371F23-4F34-4128-844E-2810D07BA3CD}"
EndProject
Global
	GlobalSection(SolutionConfigurationPlatforms) = preSolution
		Debug|x64 = Debug|x64
		Debug|x86 = Debug|x86
		Release|x64 = Release|x64
		Release|x86 = Release|x86
	EndGlobalSection
	GlobalSection(ProjectConfigurationPlatforms) = postSolution
		{5F371F23-4F34-4128-844E-2810D07BA3CD}.Debug|x64.ActiveCfg = Debug|x64
		{5F371F23-4F34-4128-844E-2810D07BA3CD}.Debug|x64.Build.0 = Debug|x64
		{5F371F23-4F34-4128-844E-2810D07BA3CD}.Debug|x86.ActiveCfg = Debug|x64
		{5F371F23-4F34-4128-844E-2810D07BA3CD}.Debug|x86.Build.0 = Debug|x64
		{5F371F23-4F34-4128-844E-2810D07BA3CD}.Release|x64.ActiveCfg = Release|x64
		{5F371F23-4F34-4128-844E-2810D07BA3CD}.Release|x64.Build.0 = Release|x64
		{5F371F23-4F34-4128-844E-2810D07BA3CD}.Release|x86.ActiveCfg = Release|x64
		{5F371F23-4F34-4128-844E-2810D07BA3CD}.Release|x86.Build.0 = Release|x64
	EndGlobalSection
	GlobalSection(SolutionProperties) = preSolution
		HideSolutionNode = FALSE
	EndGlobalSection
	GlobalSection(ExtensibilityGlobals) = postSolution
		SolutionGuid = {FC54BF93-042D-4694-AC62-FADAF7EC542A}
	EndGlobalSection
EndGlobal
